
Microsoft Visual Studio Solution File, Format Version 12.00
# Visual Studio Version 17
VisualStudioVersion = 17.9.34723.18
MinimumVisualStudioVersion = 10.0.40219.1
Project("{FAE04EC0-301F-11D3-BF4B-00C04F79EFBC}") = "EasyModbusServerSimulator", "EasyModbusServerSimulator\EasyModbusServerSimulator.csproj", "{871BD4C1-69F0-45B9-8807-1620E6A896A9}"
EndProject
Project("{FAE04EC0-301F-11D3-BF4B-00C04F79EFBC}") = "EasyModbusClientExample", "EasyModbusClientExample\EasyModbusClientExample.csproj", "{9412077F-7DFF-45D0-AFF9-7D5303118EA7}"
EndProject
Project("{FAE04EC0-301F-11D3-BF4B-00C04F79EFBC}") = "EasyModbus_Net40", "EasyModbus\EasyModbus_Net40.csproj", "{7657FC4A-AEDF-4F17-B3E9-0D0DFB1CE23B}"
EndProject
Project("{FAE04EC0-301F-11D3-BF4B-00C04F79EFBC}") = "QuickView-Pro", "QuickView-Pro\QuickView-Pro.csproj", "{E1BE9BCC-D55A-4A87-AC6C-0D4E8EF46D74}"
EndProject
Project("{FAE04EC0-301F-11D3-BF4B-00C04F79EFBC}") = "CommonTools", "CommonTools\CommonTools.csproj", "{0CB27AA5-BD0C-46E8-9885-09ACC9DCE480}"
EndProject
Project("{FAE04EC0-301F-11D3-BF4B-00C04F79EFBC}") = "LogTool", "LogTool\LogTool.csproj", "{A5A26F24-1231-4343-9AED-6E4E34CBD17A}"
EndProject
Project("{FAE04EC0-301F-11D3-BF4B-00C04F79EFBC}") = "InfluxDBDriver", "InfluxDBDriver\InfluxDBDriver.csproj", "{7211D229-69B5-438B-A8DF-1339665CA177}"
EndProject
Global
	GlobalSection(SolutionConfigurationPlatforms) = preSolution
		Debug|Any CPU = Debug|Any CPU
		DebugCommercial|Any CPU = DebugCommercial|Any CPU
		DebugCommercial2|Any CPU = DebugCommercial2|Any CPU
		DebugCommercial3|Any CPU = DebugCommercial3|Any CPU
		Release|Any CPU = Release|Any CPU
	EndGlobalSection
	GlobalSection(ProjectConfigurationPlatforms) = postSolution
		{871BD4C1-69F0-45B9-8807-1620E6A896A9}.Debug|Any CPU.ActiveCfg = Debug|Any CPU
		{871BD4C1-69F0-45B9-8807-1620E6A896A9}.Debug|Any CPU.Build.0 = Debug|Any CPU
		{871BD4C1-69F0-45B9-8807-1620E6A896A9}.DebugCommercial|Any CPU.ActiveCfg = DebugCommercial3|Any CPU
		{871BD4C1-69F0-45B9-8807-1620E6A896A9}.DebugCommercial|Any CPU.Build.0 = DebugCommercial3|Any CPU
		{871BD4C1-69F0-45B9-8807-1620E6A896A9}.DebugCommercial2|Any CPU.ActiveCfg = DebugCommercial3|Any CPU
		{871BD4C1-69F0-45B9-8807-1620E6A896A9}.DebugCommercial2|Any CPU.Build.0 = DebugCommercial3|Any CPU
		{871BD4C1-69F0-45B9-8807-1620E6A896A9}.DebugCommercial3|Any CPU.ActiveCfg = DebugCommercial3|Any CPU
		{871BD4C1-69F0-45B9-8807-1620E6A896A9}.DebugCommercial3|Any CPU.Build.0 = DebugCommercial3|Any CPU
		{871BD4C1-69F0-45B9-8807-1620E6A896A9}.Release|Any CPU.ActiveCfg = Release|Any CPU
		{871BD4C1-69F0-45B9-8807-1620E6A896A9}.Release|Any CPU.Build.0 = Release|Any CPU
		{9412077F-7DFF-45D0-AFF9-7D5303118EA7}.Debug|Any CPU.ActiveCfg = Debug|Any CPU
		{9412077F-7DFF-45D0-AFF9-7D5303118EA7}.Debug|Any CPU.Build.0 = Debug|Any CPU
		{9412077F-7DFF-45D0-AFF9-7D5303118EA7}.DebugCommercial|Any CPU.ActiveCfg = DebugCommercial2|Any CPU
		{9412077F-7DFF-45D0-AFF9-7D5303118EA7}.DebugCommercial|Any CPU.Build.0 = DebugCommercial2|Any CPU
		{9412077F-7DFF-45D0-AFF9-7D5303118EA7}.DebugCommercial2|Any CPU.ActiveCfg = DebugCommercial2|Any CPU
		{9412077F-7DFF-45D0-AFF9-7D5303118EA7}.DebugCommercial2|Any CPU.Build.0 = DebugCommercial2|Any CPU
		{9412077F-7DFF-45D0-AFF9-7D5303118EA7}.DebugCommercial3|Any CPU.ActiveCfg = DebugCommercial2|Any CPU
		{9412077F-7DFF-45D0-AFF9-7D5303118EA7}.DebugCommercial3|Any CPU.Build.0 = DebugCommercial2|Any CPU
		{9412077F-7DFF-45D0-AFF9-7D5303118EA7}.Release|Any CPU.ActiveCfg = Release|Any CPU
		{9412077F-7DFF-45D0-AFF9-7D5303118EA7}.Release|Any CPU.Build.0 = Release|Any CPU
		{7657FC4A-AEDF-4F17-B3E9-0D0DFB1CE23B}.Debug|Any CPU.ActiveCfg = Debug|Any CPU
		{7657FC4A-AEDF-4F17-B3E9-0D0DFB1CE23B}.Debug|Any CPU.Build.0 = Debug|Any CPU
		{7657FC4A-AEDF-4F17-B3E9-0D0DFB1CE23B}.DebugCommercial|Any CPU.ActiveCfg = DebugCommercial|Any CPU
		{7657FC4A-AEDF-4F17-B3E9-0D0DFB1CE23B}.DebugCommercial|Any CPU.Build.0 = DebugCommercial|Any CPU
		{7657FC4A-AEDF-4F17-B3E9-0D0DFB1CE23B}.DebugCommercial2|Any CPU.ActiveCfg = DebugCommercial|Any CPU
		{7657FC4A-AEDF-4F17-B3E9-0D0DFB1CE23B}.DebugCommercial2|Any CPU.Build.0 = DebugCommercial|Any CPU
		{7657FC4A-AEDF-4F17-B3E9-0D0DFB1CE23B}.DebugCommercial3|Any CPU.ActiveCfg = DebugCommercial|Any CPU
		{7657FC4A-AEDF-4F17-B3E9-0D0DFB1CE23B}.DebugCommercial3|Any CPU.Build.0 = DebugCommercial|Any CPU
		{7657FC4A-AEDF-4F17-B3E9-0D0DFB1CE23B}.Release|Any CPU.ActiveCfg = Release|Any CPU
		{7657FC4A-AEDF-4F17-B3E9-0D0DFB1CE23B}.Release|Any CPU.Build.0 = Release|Any CPU
		{E1BE9BCC-D55A-4A87-AC6C-0D4E8EF46D74}.Debug|Any CPU.ActiveCfg = Debug|Any CPU
		{E1BE9BCC-D55A-4A87-AC6C-0D4E8EF46D74}.Debug|Any CPU.Build.0 = Debug|Any CPU
		{E1BE9BCC-D55A-4A87-AC6C-0D4E8EF46D74}.DebugCommercial|Any CPU.ActiveCfg = Debug|Any CPU
		{E1BE9BCC-D55A-4A87-AC6C-0D4E8EF46D74}.DebugCommercial|Any CPU.Build.0 = Debug|Any CPU
		{E1BE9BCC-D55A-4A87-AC6C-0D4E8EF46D74}.DebugCommercial2|Any CPU.ActiveCfg = Debug|Any CPU
		{E1BE9BCC-D55A-4A87-AC6C-0D4E8EF46D74}.DebugCommercial2|Any CPU.Build.0 = Debug|Any CPU
		{E1BE9BCC-D55A-4A87-AC6C-0D4E8EF46D74}.DebugCommercial3|Any CPU.ActiveCfg = Debug|Any CPU
		{E1BE9BCC-D55A-4A87-AC6C-0D4E8EF46D74}.DebugCommercial3|Any CPU.Build.0 = Debug|Any CPU
		{E1BE9BCC-D55A-4A87-AC6C-0D4E8EF46D74}.Release|Any CPU.ActiveCfg = Release|Any CPU
		{E1BE9BCC-D55A-4A87-AC6C-0D4E8EF46D74}.Release|Any CPU.Build.0 = Release|Any CPU
		{0CB27AA5-BD0C-46E8-9885-09ACC9DCE480}.Debug|Any CPU.ActiveCfg = Debug|Any CPU
		{0CB27AA5-BD0C-46E8-9885-09ACC9DCE480}.Debug|Any CPU.Build.0 = Debug|Any CPU
		{0CB27AA5-BD0C-46E8-9885-09ACC9DCE480}.DebugCommercial|Any CPU.ActiveCfg = Debug|Any CPU
		{0CB27AA5-BD0C-46E8-9885-09ACC9DCE480}.DebugCommercial|Any CPU.Build.0 = Debug|Any CPU
		{0CB27AA5-BD0C-46E8-9885-09ACC9DCE480}.DebugCommercial2|Any CPU.ActiveCfg = Debug|Any CPU
		{0CB27AA5-BD0C-46E8-9885-09ACC9DCE480}.DebugCommercial2|Any CPU.Build.0 = Debug|Any CPU
		{0CB27AA5-BD0C-46E8-9885-09ACC9DCE480}.DebugCommercial3|Any CPU.ActiveCfg = Debug|Any CPU
		{0CB27AA5-BD0C-46E8-9885-09ACC9DCE480}.DebugCommercial3|Any CPU.Build.0 = Debug|Any CPU
		{0CB27AA5-BD0C-46E8-9885-09ACC9DCE480}.Release|Any CPU.ActiveCfg = Release|Any CPU
		{0CB27AA5-BD0C-46E8-9885-09ACC9DCE480}.Release|Any CPU.Build.0 = Release|Any CPU
		{A5A26F24-1231-4343-9AED-6E4E34CBD17A}.Debug|Any CPU.ActiveCfg = Debug|Any CPU
		{A5A26F24-1231-4343-9AED-6E4E34CBD17A}.Debug|Any CPU.Build.0 = Debug|Any CPU
		{A5A26F24-1231-4343-9AED-6E4E34CBD17A}.DebugCommercial|Any CPU.ActiveCfg = Debug|Any CPU
		{A5A26F24-1231-4343-9AED-6E4E34CBD17A}.DebugCommercial|Any CPU.Build.0 = Debug|Any CPU
		{A5A26F24-1231-4343-9AED-6E4E34CBD17A}.DebugCommercial2|Any CPU.ActiveCfg = Debug|Any CPU
		{A5A26F24-1231-4343-9AED-6E4E34CBD17A}.DebugCommercial2|Any CPU.Build.0 = Debug|Any CPU
		{A5A26F24-1231-4343-9AED-6E4E34CBD17A}.DebugCommercial3|Any CPU.ActiveCfg = Debug|Any CPU
		{A5A26F24-1231-4343-9AED-6E4E34CBD17A}.DebugCommercial3|Any CPU.Build.0 = Debug|Any CPU
		{A5A26F24-1231-4343-9AED-6E4E34CBD17A}.Release|Any CPU.ActiveCfg = Release|Any CPU
		{A5A26F24-1231-4343-9AED-6E4E34CBD17A}.Release|Any CPU.Build.0 = Release|Any CPU
		{7211D229-69B5-438B-A8DF-1339665CA177}.Debug|Any CPU.ActiveCfg = Debug|Any CPU
		{7211D229-69B5-438B-A8DF-1339665CA177}.Debug|Any CPU.Build.0 = Debug|Any CPU
		{7211D229-69B5-438B-A8DF-1339665CA177}.DebugCommercial|Any CPU.ActiveCfg = Debug|Any CPU
		{7211D229-69B5-438B-A8DF-1339665CA177}.DebugCommercial|Any CPU.Build.0 = Debug|Any CPU
		{7211D229-69B5-438B-A8DF-1339665CA177}.DebugCommercial2|Any CPU.ActiveCfg = Debug|Any CPU
		{7211D229-69B5-438B-A8DF-1339665CA177}.DebugCommercial2|Any CPU.Build.0 = Debug|Any CPU
		{7211D229-69B5-438B-A8DF-1339665CA177}.DebugCommercial3|Any CPU.ActiveCfg = Debug|Any CPU
		{7211D229-69B5-438B-A8DF-1339665CA177}.DebugCommercial3|Any CPU.Build.0 = Debug|Any CPU
		{7211D229-69B5-438B-A8DF-1339665CA177}.Release|Any CPU.ActiveCfg = Release|Any CPU
		{7211D229-69B5-438B-A8DF-1339665CA177}.Release|Any CPU.Build.0 = Release|Any CPU
	EndGlobalSection
	GlobalSection(SolutionProperties) = preSolution
		HideSolutionNode = FALSE
	EndGlobalSection
	GlobalSection(ExtensibilityGlobals) = postSolution
		SolutionGuid = {4B140692-FA94-4450-93BF-5AF2FA41D6CF}
	EndGlobalSection
EndGlobal
